
Microsoft Visual Studio Solution File, Format Version 12.00
# Visual Studio Version 17
VisualStudioVersion = 17.14.36804.6 d17.14
MinimumVisualStudioVersion = 10.0.40219.1
Project("{FAE04EC0-301F-11D3-BF4B-00C04F79EFBC}") = "AirlineManagementSyatem", "AirlineManagementSyatem\AirlineManagementSyatem.csproj", "{72269B45-F607-4026-8C1B-77332D2DAD48}"
EndProject
Global
	GlobalSection(SolutionConfigurationPlatforms) = preSolution
		Debug|Any CPU = Debug|Any CPU
		Release|Any CPU = Release|Any CPU
	EndGlobalSection
	GlobalSection(ProjectConfigurationPlatforms) = postSolution
		{72269B45-F607-4026-8C1B-77332D2DAD48}.Debug|Any CPU.ActiveCfg = Debug|Any CPU
		{72269B45-F607-4026-8C1B-77332D2DAD48}.Debug|Any CPU.Build.0 = Debug|Any CPU
		{72269B45-F607-4026-8C1B-77332D2DAD48}.Release|Any CPU.ActiveCfg = Release|Any CPU
		{72269B45-F607-4026-8C1B-77332D2DAD48}.Release|Any CPU.Build.0 = Release|Any CPU
	EndGlobalSection
	GlobalSection(SolutionProperties) = preSolution
		HideSolutionNode = FALSE
	EndGlobalSection
	GlobalSection(ExtensibilityGlobals) = postSolution
		SolutionGuid = {BD1C56BE-76DB-4B09-9404-8BBADC24FE23}
	EndGlobalSection
EndGlobal
